
Microsoft Visual Studio Solution File, Format Version 12.00
# Visual Studio Version 16
VisualStudioVersion = 16.0.810.16
MinimumVisualStudioVersion = 10.0.40219.1
Project("{FAE04EC0-301F-11D3-BF4B-00C04F79EFBC}") = "PotterPedia.Application", "PotterPedia.Application\PotterPedia.Application.csproj", "{8B52001F-EAE1-4ACD-B3F6-BE38AD412A24}"
EndProject
Project("{FAE04EC0-301F-11D3-BF4B-00C04F79EFBC}") = "PotterPedia.Data", "PotterPedia.Data\PotterPedia.Data.csproj", "{71F406B7-843E-4250-AF81-CC38038DD402}"
EndProject
Global
	GlobalSection(SolutionConfigurationPlatforms) = preSolution
		Debug|Any CPU = Debug|Any CPU
		Release|Any CPU = Release|Any CPU
	EndGlobalSection
	GlobalSection(ProjectConfigurationPlatforms) = postSolution
		{8B52001F-EAE1-4ACD-B3F6-BE38AD412A24}.Debug|Any CPU.ActiveCfg = Debug|Any CPU
		{8B52001F-EAE1-4ACD-B3F6-BE38AD412A24}.Debug|Any CPU.Build.0 = Debug|Any CPU
		{8B52001F-EAE1-4ACD-B3F6-BE38AD412A24}.Release|Any CPU.ActiveCfg = Release|Any CPU
		{8B52001F-EAE1-4ACD-B3F6-BE38AD412A24}.Release|Any CPU.Build.0 = Release|Any CPU
		{71F406B7-843E-4250-AF81-CC38038DD402}.Debug|Any CPU.ActiveCfg = Debug|Any CPU
		{71F406B7-843E-4250-AF81-CC38038DD402}.Debug|Any CPU.Build.0 = Debug|Any CPU
		{71F406B7-843E-4250-AF81-CC38038DD402}.Release|Any CPU.ActiveCfg = Release|Any CPU
		{71F406B7-843E-4250-AF81-CC38038DD402}.Release|Any CPU.Build.0 = Release|Any CPU
	EndGlobalSection
	GlobalSection(SolutionProperties) = preSolution
		HideSolutionNode = FALSE
	EndGlobalSection
	GlobalSection(ExtensibilityGlobals) = postSolution
		SolutionGuid = {B423CDEE-4805-4042-B403-8617582D7190}
	EndGlobalSection
EndGlobal
